
Microsoft Visual Studio Solution File, Format Version 12.00
# Visual Studio Version 17
VisualStudioVersion = 17.0.31903.59
MinimumVisualStudioVersion = 10.0.40219.1
Project("{FAE04EC0-301F-11D3-BF4B-00C04F79EFBC}") = "SportsStore", "SportsStore\SportsStore.csproj", "{0DA75834-C5A3-4A47-9594-5C1CC0164B7F}"
EndProject
Project("{FAE04EC0-301F-11D3-BF4B-00C04F79EFBC}") = "SportsStore.Tests", "SportsStore.Tests\SportsStore.Tests.csproj", "{13CA84EE-222F-4A2E-9A93-D258902DEF02}"
EndProject
Global
	GlobalSection(SolutionConfigurationPlatforms) = preSolution
		Debug|Any CPU = Debug|Any CPU
		Debug|x64 = Debug|x64
		Debug|x86 = Debug|x86
		Release|Any CPU = Release|Any CPU
		Release|x64 = Release|x64
		Release|x86 = Release|x86
	EndGlobalSection
	GlobalSection(ProjectConfigurationPlatforms) = postSolution
		{0DA75834-C5A3-4A47-9594-5C1CC0164B7F}.Debug|Any CPU.ActiveCfg = Debug|Any CPU
		{0DA75834-C5A3-4A47-9594-5C1CC0164B7F}.Debug|Any CPU.Build.0 = Debug|Any CPU
		{0DA75834-C5A3-4A47-9594-5C1CC0164B7F}.Debug|x64.ActiveCfg = Debug|Any CPU
		{0DA75834-C5A3-4A47-9594-5C1CC0164B7F}.Debug|x64.Build.0 = Debug|Any CPU
		{0DA75834-C5A3-4A47-9594-5C1CC0164B7F}.Debug|x86.ActiveCfg = Debug|Any CPU
		{0DA75834-C5A3-4A47-9594-5C1CC0164B7F}.Debug|x86.Build.0 = Debug|Any CPU
		{0DA75834-C5A3-4A47-9594-5C1CC0164B7F}.Release|Any CPU.ActiveCfg = Release|Any CPU
		{0DA75834-C5A3-4A47-9594-5C1CC0164B7F}.Release|Any CPU.Build.0 = Release|Any CPU
		{0DA75834-C5A3-4A47-9594-5C1CC0164B7F}.Release|x64.ActiveCfg = Release|Any CPU
		{0DA75834-C5A3-4A47-9594-5C1CC0164B7F}.Release|x64.Build.0 = Release|Any CPU
		{0DA75834-C5A3-4A47-9594-5C1CC0164B7F}.Release|x86.ActiveCfg = Release|Any CPU
		{0DA75834-C5A3-4A47-9594-5C1CC0164B7F}.Release|x86.Build.0 = Release|Any CPU
		{13CA84EE-222F-4A2E-9A93-D258902DEF02}.Debug|Any CPU.ActiveCfg = Debug|Any CPU
		{13CA84EE-222F-4A2E-9A93-D258902DEF02}.Debug|Any CPU.Build.0 = Debug|Any CPU
		{13CA84EE-222F-4A2E-9A93-D258902DEF02}.Debug|x64.ActiveCfg = Debug|Any CPU
		{13CA84EE-222F-4A2E-9A93-D258902DEF02}.Debug|x64.Build.0 = Debug|Any CPU
		{13CA84EE-222F-4A2E-9A93-D258902DEF02}.Debug|x86.ActiveCfg = Debug|Any CPU
		{13CA84EE-222F-4A2E-9A93-D258902DEF02}.Debug|x86.Build.0 = Debug|Any CPU
		{13CA84EE-222F-4A2E-9A93-D258902DEF02}.Release|Any CPU.ActiveCfg = Release|Any CPU
		{13CA84EE-222F-4A2E-9A93-D258902DEF02}.Release|Any CPU.Build.0 = Release|Any CPU
		{13CA84EE-222F-4A2E-9A93-D258902DEF02}.Release|x64.ActiveCfg = Release|Any CPU
		{13CA84EE-222F-4A2E-9A93-D258902DEF02}.Release|x64.Build.0 = Release|Any CPU
		{13CA84EE-222F-4A2E-9A93-D258902DEF02}.Release|x86.ActiveCfg = Release|Any CPU
		{13CA84EE-222F-4A2E-9A93-D258902DEF02}.Release|x86.Build.0 = Release|Any CPU
	EndGlobalSection
	GlobalSection(SolutionProperties) = preSolution
		HideSolutionNode = FALSE
	EndGlobalSection
EndGlobal
